<?xml version="1.0" encoding="UTF-8" standalone="yes" ?>
<CodeBlocks_project_file>
	<FileVersion major="1" minor="6" />
	<Project>
		<Option title="ACraftWar" />
		<Option pch_mode="2" />
		<Option compiler="gcc" />
		<Build>
			<Target title="Debug">
				<Option output="bin/Debug/ACraftWar" prefix_auto="1" extension_auto="1" />
				<Option object_output="obj/Debug/" />
				<Option type="1" />
				<Option compiler="gcc" />
				<Compiler>
					<Add option="-g" />
				</Compiler>
			</Target>
			<Target title="Release">
				<Option output="bin/Release/ACraftWar" prefix_auto="1" extension_auto="1" />
				<Option object_output="obj/Release/" />
				<Option type="1" />
				<Option compiler="gcc" />
				<Compiler>
					<Add option="-O2" />
				</Compiler>
				<Linker>
					<Add option="-s" />
				</Linker>
			</Target>
		</Build>
		<Compiler>
			<Add option="-Wall" />
			<Add option="-fexceptions" />
		</Compiler>
		<Unit filename="BaseObj.cpp" />
		<Unit filename="BaseObj.h" />
		<Unit filename="BulletObj.cpp" />
		<Unit filename="BulletObj.h" />
		<Unit filename="ExplosionObject.cpp" />
		<Unit filename="ExplosionObject.h" />
		<Unit filename="GameMain.cpp" />
		<Unit filename="GameMain.h" />
		<Unit filename="Geometric.cpp" />
		<Unit filename="Geometric.h" />
		<Unit filename="ImpTimer.cpp" />
		<Unit filename="ImpTimer.h" />
		<Unit filename="MenuGame.cpp" />
		<Unit filename="MenuGame.h" />
		<Unit filename="PlayerBlood.cpp" />
		<Unit filename="PlayerBlood.h" />
		<Unit filename="PlayerObj.cpp" />
		<Unit filename="PlayerObj.h" />
		<Unit filename="Sound.cpp" />
		<Unit filename="Sound.h" />
		<Unit filename="TCommon.cpp" />
		<Unit filename="TCommon.h" />
		<Unit filename="TextObject.cpp" />
		<Unit filename="TextObject.h" />
		<Unit filename="TrObject.cpp" />
		<Unit filename="TrObject.h" />
		<Unit filename="define.h" />
		<Unit filename="main.cpp" />
		<Extensions />
	</Project>
</CodeBlocks_project_file>
